{
  "requires": true,
  "lockfileVersion": 1,
  "dependencies": {
    "@azure/msal-browser": {
      "version": "2.22.1",
      "resolved": "https://registry.npmjs.org/@azure/msal-browser/-/msal-browser-2.22.1.tgz",
      "integrity": "sha512-VYvdSHnOen1CDok01OhfQ2qNxsrY10WAKe6c2reIuwqqDDOkWwq1IDkieGHpDRjj4kGdPZ/dle4d7SlvNi9EJQ==",
      "requires": {
        "@azure/msal-common": "^6.1.0"
      }
    },
    "@azure/msal-common": {
      "version": "6.1.0",
      "resolved": "https://registry.npmjs.org/@azure/msal-common/-/msal-common-6.1.0.tgz",
      "integrity": "sha512-IGjAHttOgKDPQr0Qxx1NjABR635ZNuN7LHjxI0Y7SEA2thcaRGTccy+oaXTFabM/rZLt4F2VrPKUX4BnR9hW9g==",
      "requires": {
        "debug": "^4.1.1"
      }
    },
    "@azure/msal-react": {
      "version": "1.3.1",
      "resolved": "https://registry.npmjs.org/@azure/msal-react/-/msal-react-1.3.1.tgz",
      "integrity": "sha512-pg6Zuy1nOTDce1+xGFuSkYt3uaV8higCqczbautmmf3fo0CBugn1AYtXF/W5c1HWTF0Gsx2IQ1q2vQfDEZJZvA=="
    },
    "debug": {
      "version": "4.3.3",
      "resolved": "https://registry.npmjs.org/debug/-/debug-4.3.3.tgz",
      "integrity": "sha512-/zxw5+vh1Tfv+4Qn7a5nsbcJKPaSvCDhojn6FEl9vupwK2VCSDtEiEtqr8DFtzYFOdz63LBkxec7DYuc2jon6Q==",
      "requires": {
        "ms": "2.1.2"
      }
    },
    "ms": {
      "version": "2.1.2",
      "resolved": "https://registry.npmjs.org/ms/-/ms-2.1.2.tgz",
      "integrity": "sha512-sGkPx+VjMtmA6MX27oA4FBFELFCZZ4S4XqeGOXCv68tT+jb3vk/RyaKWP0PTKyWtmLSM0b+adUTEvbs1PEaH2w=="
    }
  }
}
